<?xml version="1.0" encoding="utf-8"?>
<Project ToolsVersion="4.0" xmlns="http://schemas.microsoft.com/developer/msbuild/2003">
  <ItemGroup>
    <Filter Include="Helpers">
      <UniqueIdentifier>{d3712326-0458-414f-8d05-4c8645685fb9}</UniqueIdentifier>
    </Filter>
    <Filter Include="Core">
      <UniqueIdentifier>{eb5e5150-1980-4ef7-a8d0-bf0ca19a87f9}</UniqueIdentifier>
    </Filter>
    <Filter Include="Resources">
      <UniqueIdentifier>{d55ffa86-0bbc-4ec5-a5d4-2c39d020ff43}</UniqueIdentifier>
    </Filter>
    <Filter Include="Models">
      <UniqueIdentifier>{005f0f9d-8d39-4bdb-a8b6-3a6f9f4a8bb7}</UniqueIdentifier>
    </Filter>
  </ItemGroup>
  <ItemGroup>
    <ClCompile Include="ProfileHelper.cpp">
      <Filter>Helpers</Filter>
    </ClCompile>
    <ClCompile Include="StringHelper.cpp">
      <Filter>Helpers</Filter>
    </ClCompile>
    <ClCompile Include="WlanApiErrorWrapper.cpp">
      <Filter>Core</Filter>
    </ClCompile>
    <ClCompile Include="WlanApiWrapper.cpp">
      <Filter>Core</Filter>
    </ClCompile>
    <ClCompile Include="CppWlanHack.cpp" />
    <ClCompile Include="NotificationContext.cpp">
      <Filter>Models</Filter>
    </ClCompile>
  </ItemGroup>
  <ItemGroup>
    <ClInclude Include="ProfileHelper.h">
      <Filter>Helpers</Filter>
    </ClInclude>
    <ClInclude Include="StringHelper.h">
      <Filter>Helpers</Filter>
    </ClInclude>
    <ClInclude Include="WlanApiErrorWrapper.h">
      <Filter>Core</Filter>
    </ClInclude>
    <ClInclude Include="WlanApiWrapper.h">
      <Filter>Core</Filter>
    </ClInclude>
    <ClInclude Include="NotificationContext.h">
      <Filter>Models</Filter>
    </ClInclude>
  </ItemGroup>
  <ItemGroup>
    <Xml Include="profile.xml">
      <Filter>Resources</Filter>
    </Xml>
  </ItemGroup>
</Project>